
Microsoft Visual Studio Solution File, Format Version 12.00
# Visual Studio 15
VisualStudioVersion = 15.0.27130.2036
MinimumVisualStudioVersion = 10.0.40219.1
Project("{FAE04EC0-301F-11D3-BF4B-00C04F79EFBC}") = "Passagens", "Passagens\Passagens.csproj", "{203A4A3E-E43D-46E7-8E08-657844E3070A}"
EndProject
Project("{FAE04EC0-301F-11D3-BF4B-00C04F79EFBC}") = "Hosting", "Hosting\Hosting.csproj", "{BC5E21A3-680D-48D3-8831-5D1EBF64C838}"
EndProject
Project("{FAE04EC0-301F-11D3-BF4B-00C04F79EFBC}") = "ConsumindoServico", "ConsumindoServico\ConsumindoServico.csproj", "{B5BA935B-697C-48E5-A6F7-AC0FF3548375}"
	ProjectSection(ProjectDependencies) = postProject
		{203A4A3E-E43D-46E7-8E08-657844E3070A} = {203A4A3E-E43D-46E7-8E08-657844E3070A}
	EndProjectSection
EndProject
Global
	GlobalSection(SolutionConfigurationPlatforms) = preSolution
		Debug|Any CPU = Debug|Any CPU
		Release|Any CPU = Release|Any CPU
	EndGlobalSection
	GlobalSection(ProjectConfigurationPlatforms) = postSolution
		{203A4A3E-E43D-46E7-8E08-657844E3070A}.Debug|Any CPU.ActiveCfg = Debug|Any CPU
		{203A4A3E-E43D-46E7-8E08-657844E3070A}.Debug|Any CPU.Build.0 = Debug|Any CPU
		{203A4A3E-E43D-46E7-8E08-657844E3070A}.Release|Any CPU.ActiveCfg = Release|Any CPU
		{203A4A3E-E43D-46E7-8E08-657844E3070A}.Release|Any CPU.Build.0 = Release|Any CPU
		{BC5E21A3-680D-48D3-8831-5D1EBF64C838}.Debug|Any CPU.ActiveCfg = Debug|Any CPU
		{BC5E21A3-680D-48D3-8831-5D1EBF64C838}.Debug|Any CPU.Build.0 = Debug|Any CPU
		{BC5E21A3-680D-48D3-8831-5D1EBF64C838}.Release|Any CPU.ActiveCfg = Release|Any CPU
		{BC5E21A3-680D-48D3-8831-5D1EBF64C838}.Release|Any CPU.Build.0 = Release|Any CPU
		{B5BA935B-697C-48E5-A6F7-AC0FF3548375}.Debug|Any CPU.ActiveCfg = Debug|Any CPU
		{B5BA935B-697C-48E5-A6F7-AC0FF3548375}.Debug|Any CPU.Build.0 = Debug|Any CPU
		{B5BA935B-697C-48E5-A6F7-AC0FF3548375}.Release|Any CPU.ActiveCfg = Release|Any CPU
		{B5BA935B-697C-48E5-A6F7-AC0FF3548375}.Release|Any CPU.Build.0 = Release|Any CPU
	EndGlobalSection
	GlobalSection(SolutionProperties) = preSolution
		HideSolutionNode = FALSE
	EndGlobalSection
	GlobalSection(ExtensibilityGlobals) = postSolution
		SolutionGuid = {F95444D0-335A-4B28-A924-5FAA41815B2F}
	EndGlobalSection
EndGlobal
